<Solution>
  <Folder Name="/Solution Items/">
    <File Path="Button.txt" />
    <File Path="Modal.txt" />
    <File Path="Notification.txt" />
    <File Path="TakeLog.txt" />
    <File Path="Text.txt" />
    <File Path="_Rules.txt" />
  </Folder>
  <Project Path="api/api.csproj" />
  <Project Path="data/data.csproj" />
  <Project Path="razor/razor.csproj" />
  <Project Path="web/web.csproj" />
  <Project Path="_PublisherAssistant/_PublisherAssistant.csproj" Id="380fa68f-49e5-48fa-94ba-5bc0b8990582" />
</Solution>
