<Solution>
  <Folder Name="/Solution Items/">
    <File Path="Button.txt" />
    <File Path="main.txt" />
    <File Path="Modal.txt" />
    <File Path="Notification.txt" />
    <File Path="TakeLog.txt" />
    <File Path="Text.txt" />
    <File Path="_Rules.txt" />
    <File Path="_Tasks.md" />
  </Folder>
  <Project Path="api/api.csproj" />
  <Project Path="data/data.csproj" />
  <Project Path="razor/razor.csproj" />
  <Project Path="web/web.csproj" />
</Solution>
